
Microsoft Visual Studio Solution File, Format Version 12.00
# Visual Studio 2013
VisualStudioVersion = 12.0.30501.0
MinimumVisualStudioVersion = 10.0.40219.1
Project("{FAE04EC0-301F-11D3-BF4B-00C04F79EFBC}") = "OsmdroidAndroidBinding", "OsmdroidAndroidBinding\OsmdroidAndroidBinding.csproj", "{A487B781-4A70-4894-845D-B5B7AB5B77E3}"
EndProject
Project("{2150E333-8FDC-42A3-9474-1A3956D46DE8}") = "Solution Items", "Solution Items", "{8A86A698-AC2D-42AC-9FFE-1E3D0A74ABE0}"
	ProjectSection(SolutionItems) = preProject
		.gitattributes = .gitattributes
		.gitignore = .gitignore
		README.md = README.md
	EndProjectSection
EndProject
Project("{FAE04EC0-301F-11D3-BF4B-00C04F79EFBC}") = "OsmdroidAndroidSample", "OsmdroidAndroidSample\OsmdroidAndroidSample.csproj", "{3979D176-2A4C-483C-9009-7E1D05832B01}"
EndProject
Project("{FAE04EC0-301F-11D3-BF4B-00C04F79EFBC}") = "OsmdroidThirdPartyBinding", "OsmdroidThirdPartyBinding\OsmdroidThirdPartyBinding.csproj", "{B966B118-68D7-4D9F-94E1-91CAE95ED1EA}"
EndProject
Global
	GlobalSection(SolutionConfigurationPlatforms) = preSolution
		Debug|Any CPU = Debug|Any CPU
		Release|Any CPU = Release|Any CPU
	EndGlobalSection
	GlobalSection(ProjectConfigurationPlatforms) = postSolution
		{A487B781-4A70-4894-845D-B5B7AB5B77E3}.Debug|Any CPU.ActiveCfg = Debug|Any CPU
		{A487B781-4A70-4894-845D-B5B7AB5B77E3}.Debug|Any CPU.Build.0 = Debug|Any CPU
		{A487B781-4A70-4894-845D-B5B7AB5B77E3}.Release|Any CPU.ActiveCfg = Release|Any CPU
		{A487B781-4A70-4894-845D-B5B7AB5B77E3}.Release|Any CPU.Build.0 = Release|Any CPU
		{3979D176-2A4C-483C-9009-7E1D05832B01}.Debug|Any CPU.ActiveCfg = Debug|Any CPU
		{3979D176-2A4C-483C-9009-7E1D05832B01}.Debug|Any CPU.Build.0 = Debug|Any CPU
		{3979D176-2A4C-483C-9009-7E1D05832B01}.Debug|Any CPU.Deploy.0 = Debug|Any CPU
		{3979D176-2A4C-483C-9009-7E1D05832B01}.Release|Any CPU.ActiveCfg = Release|Any CPU
		{3979D176-2A4C-483C-9009-7E1D05832B01}.Release|Any CPU.Build.0 = Release|Any CPU
		{3979D176-2A4C-483C-9009-7E1D05832B01}.Release|Any CPU.Deploy.0 = Release|Any CPU
		{B966B118-68D7-4D9F-94E1-91CAE95ED1EA}.Debug|Any CPU.ActiveCfg = Debug|Any CPU
		{B966B118-68D7-4D9F-94E1-91CAE95ED1EA}.Debug|Any CPU.Build.0 = Debug|Any CPU
		{B966B118-68D7-4D9F-94E1-91CAE95ED1EA}.Release|Any CPU.ActiveCfg = Release|Any CPU
		{B966B118-68D7-4D9F-94E1-91CAE95ED1EA}.Release|Any CPU.Build.0 = Release|Any CPU
	EndGlobalSection
	GlobalSection(SolutionProperties) = preSolution
		HideSolutionNode = FALSE
	EndGlobalSection
EndGlobal
