
Microsoft Visual Studio Solution File, Format Version 12.00
# Visual Studio 2013
VisualStudioVersion = 12.0.30501.0
MinimumVisualStudioVersion = 10.0.40219.1
Project("{FAE04EC0-301F-11D3-BF4B-00C04F79EFBC}") = "ComponentSample", "ComponentSample.csproj", "{465D3F38-569B-44E0-8985-3803C271463C}"
EndProject
Global
	GlobalSection(SolutionConfigurationPlatforms) = preSolution
		Debug|Any CPU = Debug|Any CPU
		Release|Any CPU = Release|Any CPU
	EndGlobalSection
	GlobalSection(ProjectConfigurationPlatforms) = postSolution
		{465D3F38-569B-44E0-8985-3803C271463C}.Debug|Any CPU.ActiveCfg = Debug|Any CPU
		{465D3F38-569B-44E0-8985-3803C271463C}.Debug|Any CPU.Build.0 = Debug|Any CPU
		{465D3F38-569B-44E0-8985-3803C271463C}.Debug|Any CPU.Deploy.0 = Debug|Any CPU
		{465D3F38-569B-44E0-8985-3803C271463C}.Release|Any CPU.ActiveCfg = Release|Any CPU
		{465D3F38-569B-44E0-8985-3803C271463C}.Release|Any CPU.Build.0 = Release|Any CPU
		{465D3F38-569B-44E0-8985-3803C271463C}.Release|Any CPU.Deploy.0 = Release|Any CPU
	EndGlobalSection
	GlobalSection(SolutionProperties) = preSolution
		HideSolutionNode = FALSE
	EndGlobalSection
EndGlobal
